schema: '2.0'
stages:
  extract_data:
    cmd: python src/data/extract_raw_data.py
    deps:
    - path: data/raw/raw_data.tar.gz
      hash: md5
      md5: b829b5192b30f62c8770837b5f44616c
      size: 4252862892
    - path: src/data/extract_raw_data.py
      hash: md5
      md5: 2f5336836443255ea024744137d795fa
      size: 784
    outs:
    - path: data/raw/raw_data/data
      hash: md5
      md5: 7a1bc51668ef88b5b4f4c26768b8e38b.dir
      size: 4673866974
      nfiles: 439354
  load_dataset:
    cmd: python src/data/load_dataset.py
    deps:
    - path: data/raw/raw_data/data
      hash: md5
      md5: 7a1bc51668ef88b5b4f4c26768b8e38b.dir
      size: 4673866974
      nfiles: 439354
    - path: src/data/load_dataset.py
      hash: md5
      md5: b5f4b5cd8460452ebe1ff5d9904012e2
      size: 2043
    outs:
    - path: data/raw/words.csv
      hash: md5
      md5: 83aacd67b31e17cb7264483a602c800c
      size: 12638385
  load_data:
    cmd: python src/data/filter_data.py
    deps:
    - path: data/raw/words.csv
      hash: md5
      md5: 83aacd67b31e17cb7264483a602c800c
      size: 12638385
    - path: src/data/filter_data.py
      hash: md5
      md5: e7b38ef73e9a05b079c9f0fe78ae7d07
      size: 1281
    outs:
    - path: data/processed/filtered_data.csv
      hash: md5
      md5: 2dc75802f376758c9f8ff593fae2709a
      size: 719143
  filter_data:
    cmd: python src/data/filter_data.py
    deps:
    - path: data/raw/words.csv
      hash: md5
      md5: 83aacd67b31e17cb7264483a602c800c
      size: 12638385
    - path: src/data/filter_data.py
      hash: md5
      md5: e7b38ef73e9a05b079c9f0fe78ae7d07
      size: 1281
    outs:
    - path: data/processed/filtered_data.csv
      hash: md5
      md5: 2dc75802f376758c9f8ff593fae2709a
      size: 719143
  clean_data:
    cmd: python src/data/clean_data.py
    deps:
    - path: data/processed/filtered_data.csv
      hash: md5
      md5: 2dc75802f376758c9f8ff593fae2709a
      size: 719143
    - path: src/data/clean_data.py
      hash: md5
      md5: 56b39d65d45e60644b79f4311feb11c9
      size: 1375
    outs:
    - path: data/processed/cleaned_data.csv
      hash: md5
      md5: 0f40a569b05eeaac6bf144b3d9ab7a83
      size: 291380
  encode_data:
    cmd: python src/data/encode_data.py
    deps:
    - path: data/processed/cleaned_data.csv
      hash: md5
      md5: 0f40a569b05eeaac6bf144b3d9ab7a83
      size: 291380
    - path: src/data/encode_data.py
      hash: md5
      md5: a0518bbfe907e4139ea6d772815a0573
      size: 1023
    outs:
    - path: data/processed/encoded_data.csv
      hash: md5
      md5: 5c1b3f7d225bdad4fb25552837395833
      size: 298046
