schema: '2.0'
stages:
  extract_data:
    cmd: python src/data/extract_raw_data.py
    deps:
    - path: data/raw/raw_data.tar.gz
      hash: md5
      md5: b829b5192b30f62c8770837b5f44616c
      size: 4252862892
    - path: src/data/extract_raw_data.py
      hash: md5
      md5: f08028231da32e4f4e2b4fbf41cc90ca
      size: 1723
    outs:
    - path: data/raw/raw_data/data
      hash: md5
      md5: d751713988987e9331980363e24189ce.dir
      size: 0
      nfiles: 0
  load_dataset:
    cmd: python src/data/load_dataset.py
    deps:
    - path: data/raw/raw_data/data
      hash: md5
      md5: d751713988987e9331980363e24189ce.dir
      size: 0
      nfiles: 0
    - path: src/data/load_dataset.py
      hash: md5
      md5: 7c66008b47c609208a36594415472518
      size: 2731
    outs:
    - path: data/raw/words.csv
      hash: md5
      md5: 01f562cef485e6f76c5ec55c41e136fc
      size: 12753704
  load_data:
    cmd: python src/data/filter_data.py
    deps:
    - path: data/raw/words.csv
      hash: md5
      md5: 83aacd67b31e17cb7264483a602c800c
      size: 12638385
    - path: src/data/filter_data.py
      hash: md5
      md5: e7b38ef73e9a05b079c9f0fe78ae7d07
      size: 1281
    outs:
    - path: data/processed/filtered_data.csv
      hash: md5
      md5: 2dc75802f376758c9f8ff593fae2709a
      size: 719143
  filter_data:
    cmd: python src/data/filter_data.py
    deps:
    - path: data/raw/words.csv
      hash: md5
      md5: 01f562cef485e6f76c5ec55c41e136fc
      size: 12753704
    - path: src/data/filter_data.py
      hash: md5
      md5: 45b6d1068281f8acf8e2255a5ad6c53d
      size: 1936
    outs:
    - path: data/processed/filtered_data.csv
      hash: md5
      md5: 10f4a07002ea79385e06e7f6c5a7492b
      size: 725765
  clean_data:
    cmd: python src/data/clean_data.py
    deps:
    - path: data/processed/filtered_data.csv
      hash: md5
      md5: 10f4a07002ea79385e06e7f6c5a7492b
      size: 725765
    - path: src/data/clean_data.py
      hash: md5
      md5: ffab648993b4aef7899b36c90290e13d
      size: 2369
    outs:
    - path: data/processed/cleaned_data.csv
      hash: md5
      md5: f2a594b72407cbab7a4d13ee8e922e76
      size: 294060
  encode_data:
    cmd: python src/data/encode_data.py
    deps:
    - path: data/processed/cleaned_data.csv
      hash: md5
      md5: f2a594b72407cbab7a4d13ee8e922e76
      size: 294060
    - path: src/data/encode_data.py
      hash: md5
      md5: 79b4a8b51e4d72a20bc4e78656a340ce
      size: 1051
    outs:
    - path: data/processed/encoded_data.csv
      hash: md5
      md5: ff9b703e84a491e836c28f513ab6cb20
      size: 300726
  prepare_features:
    cmd: python src/data/prepare_features.py
    deps:
    - path: data/processed/encoded_data.csv
      hash: md5
      md5: ff9b703e84a491e836c28f513ab6cb20
      size: 300726
    - path: src/data/prepare_features.py
      hash: md5
      md5: 096ee179cb93164961edcd05b63fdbf3
      size: 2121
    outs:
    - path: data/processed/features.npy
      hash: md5
      md5: 8e0ac2041649313567d4481236ff4c05
      size: 16802816
    - path: data/processed/labels.npy
      hash: md5
      md5: 83a254803fbe73d7f852df14be98c148
      size: 10844
  split_data:
    cmd: python src/data/split_data.py
    deps:
    - path: data/processed/features.npy
      hash: md5
      md5: 8e0ac2041649313567d4481236ff4c05
      size: 16802816
    - path: data/processed/labels.npy
      hash: md5
      md5: 83a254803fbe73d7f852df14be98c148
      size: 10844
    - path: src/data/split_data.py
      hash: md5
      md5: bbc9e0eb68a55e4fddedc96e20c9c54b
      size: 977
    outs:
    - path: data/processed/X_test.npy
      hash: md5
      md5: 137464516553b329c0d47870f22c7429
      size: 3361920
    - path: data/processed/X_train.npy
      hash: md5
      md5: dc53c15118eb9ba06db9a00e965d3c69
      size: 13441024
    - path: data/processed/Y_test.npy
      hash: md5
      md5: 347cb2a173cac284af7cc05893dad50b
      size: 2272
    - path: data/processed/Y_train.npy
      hash: md5
      md5: cf1b1fb54fb7c795d2156a89cd02079b
      size: 8700
  reshape_data:
    cmd: python src/data/reshape_data.py
    deps:
    - path: data/processed/X_test.npy
      hash: md5
      md5: 137464516553b329c0d47870f22c7429
      size: 3361920
    - path: data/processed/X_train.npy
      hash: md5
      md5: dc53c15118eb9ba06db9a00e965d3c69
      size: 13441024
    - path: src/data/reshape_data.py
      hash: md5
      md5: ec32f23188d69f0db63734e9e932ab42
      size: 1237
    outs:
    - path: data/processed/X_test_reshaped.npy
      hash: md5
      md5: 5247bf374d82c3e827e2d59d34619d0c
      size: 3361920
    - path: data/processed/X_train_reshaped.npy
      hash: md5
      md5: 2c6ae84e0e026bfe54b877e8cb2a4346
      size: 13441024
  calculate_class_weights:
    cmd: python src/data/calculate_class_weights.py
    deps:
    - path: data/processed/Y_train.npy
      hash: md5
      md5: cf1b1fb54fb7c795d2156a89cd02079b
      size: 8700
    - path: src/data/calculate_class_weights.py
      hash: md5
      md5: 52abce1c513420a48d53aefc93565582
      size: 1214
    outs:
    - path: data/processed/class_weights.npy
      hash: md5
      md5: 7adeed5e291a93a080164810c0dfb1d6
      size: 839
  one_hot_encode_labels:
    cmd: python src/data/one_hot_encode_labels.py
    deps:
    - path: data/processed/Y_test.npy
      hash: md5
      md5: 347cb2a173cac284af7cc05893dad50b
      size: 2272
    - path: data/processed/Y_train.npy
      hash: md5
      md5: cf1b1fb54fb7c795d2156a89cd02079b
      size: 8700
    - path: src/data/one_hot_encode_labels.py
      hash: md5
      md5: 466bcc8a10e7462768b2b487cb579a87
      size: 1492
    outs:
    - path: data/processed/y_test_one_hot.npy
      hash: md5
      md5: 34c27a2341b30ad021aa5d5da2c3456c
      size: 85888
    - path: data/processed/y_train_one_hot.npy
      hash: md5
      md5: 6cf2f518a87f932cd7df4f9b6270ab63
      size: 343008
  setup_callbacks:
    cmd: python src/models/setup_callbacks.py
    deps:
    - path: src/models/setup_callbacks.py
      hash: md5
      md5: cbd62b9d478468d9b5dd2b505d3a5657
      size: 2020
    outs:
    - path: models/callbacks.keras
      hash: md5
      md5: d5b4a474134e3f6ffb93872da5628926
      size: 605
  build_model:
    cmd: python src/models/build_cnn.py
    deps:
    - path: src/models/build_cnn.py
      hash: md5
      md5: 4a9355a1dd2c94d052babb98b825d6ee
      size: 2579
  build_train_cnn:
    cmd: python src/models/build_train_cnn.py
    deps:
    - path: data/processed/X_test_reshaped.npy
      hash: md5
      md5: 5247bf374d82c3e827e2d59d34619d0c
      size: 3361920
    - path: data/processed/X_train_reshaped.npy
      hash: md5
      md5: 2c6ae84e0e026bfe54b877e8cb2a4346
      size: 13441024
    - path: data/processed/class_weights.npy
      hash: md5
      md5: 7adeed5e291a93a080164810c0dfb1d6
      size: 839
    - path: data/processed/y_test_one_hot.npy
      hash: md5
      md5: 34c27a2341b30ad021aa5d5da2c3456c
      size: 85888
    - path: data/processed/y_train_one_hot.npy
      hash: md5
      md5: 6cf2f518a87f932cd7df4f9b6270ab63
      size: 343008
    - path: models/callbacks.keras
      hash: md5
      md5: d5b4a474134e3f6ffb93872da5628926
      size: 605
    - path: src/models/build_train_cnn.py
      hash: md5
      md5: 606e08b827f31a1852f9a2b82b3fce8e
      size: 3886
    outs:
    - path: metrics/training_accuracy.png
      hash: md5
      md5: b056fca976baf092eced2fcdd12b8c9d
      size: 40935
    - path: metrics/training_history.csv
      hash: md5
      md5: da1fe95d94d5b1265b8c32455c26cbea
      size: 3397
    - path: models/CNN.h5
      hash: md5
      md5: 047aa238fa19974669f9349f73c59cd2
      size: 7153408
    - path: models/model_architecture_summary.txt
      hash: md5
      md5: 624bf8cd61ed0246203b2d7762e1aaf7
      size: 3308
  evaluate_model:
    cmd: python src/models/evaluate_model.py
    deps:
    - path: data/processed/X_test_reshaped.npy
      hash: md5
      md5: 5247bf374d82c3e827e2d59d34619d0c
      size: 3361920
    - path: data/processed/y_test_one_hot.npy
      hash: md5
      md5: 34c27a2341b30ad021aa5d5da2c3456c
      size: 85888
    - path: models/CNN.h5
      hash: md5
      md5: 047aa238fa19974669f9349f73c59cd2
      size: 7153408
    - path: src/models/evaluate_model.py
      hash: md5
      md5: cafba2c7f8507a4f94af4879899294f3
      size: 1282
    outs:
    - path: metrics/classification_report.csv
      hash: md5
      md5: 78755d168209a4040ba97c79913567a2
      size: 1303
    - path: metrics/confusion_matrix.csv
      hash: md5
      md5: 4f9cc05e9fcdc976bb30f45d17964ced
      size: 10020
    - path: metrics/confusion_matrix.png
      hash: md5
      md5: 297811966d680d24dd5a92b9add89bc1
      size: 51926
